{
    "_meta": {
        "hash": {
            "sha256": "36a62c6e549acd4551228ab89e1ae322f1aed6af63f9e03911eee662c6bfcad2"
        },
        "pipfile-spec": 6,
        "requires": {
            "python_version": "3.6"
        },
        "sources": [
            {
                "name": "pypi",
                "url": "https://pypi.org/simple",
                "verify_ssl": true
            }
        ]
    },
    "default": {
        "cbbuild-util-0-5-1": {
            "git": "https://github.com/couchbase/python-couchbase-commons",
            "ref": "71eec3d7d7401afdbed47daccd93f87a33ec92f1",
            "subdirectory": "cbbuild-util"
        },
        "certifi": {
            "hashes": [
                "sha256:59b7658e26ca9c7339e00f8f4636cdfe59d34fa37b9b04f6f9e9926b3cece1a5",
                "sha256:b26104d6835d1f5e49452a26eb2ff87fe7090b89dfcaee5ea2212697e1e1d7ae"
            ],
            "version": "==2019.3.9"
        },
        "dulwich": {
            "hashes": [
                "sha256:afbe070f6899357e33f63f3f3696e601731fef66c64a489dea1bc9f539f4a725"
            ],
            "index": "pypi",
            "version": "==0.19.11"
        },
        "urllib3": {
            "hashes": [
                "sha256:61bf29cada3fc2fbefad4fdf059ea4bd1b4a86d2b6d15e1c7c0b582b9752fe39",
                "sha256:de9529817c93f27c8ccbfead6985011db27bd0ddfcdb2d86f3f663385c6a9c22"
            ],
            "version": "==1.24.1"
        }
    },
    "develop": {}
}
